version = 1
revision = 3
requires-python = "==3.12.*"

[[package]]
name = "blinker"
version = "1.9.0"
source = { registry = "https://pypi.org/simple" }
sdist = { url = "https://files.pythonhosted.org/packages/21/28/9b3f50ce0e048515135495f198351908d99540d69bfdc8c1d15b73dc55ce/blinker-1.9.0.tar.gz", hash = "sha256:b4ce2265a7abece45e7cc896e98dbebe6cead56bcf805a3d23136d145f5445bf", size = 22460, upload-time = "2024-11-08T17:25:47.436Z" }
wheels = [
    { url = "https://files.pythonhosted.org/packages/10/cb/f2ad4230dc2eb1a74edf38f1a38b9b52277f75bef262d8908e60d957e13c/blinker-1.9.0-py3-none-any.whl", hash = "sha256:ba0efaa9080b619ff2f3459d1d500c57bddea4a6b424b60a91141db6fd2f08bc", size = 8458, upload-time = "2024-11-08T17:25:46.184Z" },
]

[[package]]
name = "cachetools"
version = "5.5.2"
source = { registry = "https://pypi.org/simple" }
sdist = { url = "https://files.pythonhosted.org/packages/6c/81/3747dad6b14fa2cf53fcf10548cf5aea6913e96fab41a3c198676f8948a5/cachetools-5.5.2.tar.gz", hash = "sha256:1a661caa9175d26759571b2e19580f9d6393969e5dfca11fdb1f947a23e640d4", size = 28380, upload-time = "2025-02-20T21:01:19.524Z" }
wheels = [
    { url = "https://files.pythonhosted.org/packages/72/76/20fa66124dbe6be5cafeb312ece67de6b61dd91a0247d1ea13db4ebb33c2/cachetools-5.5.2-py3-none-any.whl", hash = "sha256:d26a22bcc62eb95c3beabd9f1ee5e820d3d2704fe2967cbe350e20c8ffcd3f0a", size = 10080, upload-time = "2025-02-20T21:01:16.647Z" },
]

[[package]]
name = "certifi"
version = "2026.1.4"
source = { registry = "https://pypi.org/simple" }
sdist = { url = "https://files.pythonhosted.org/packages/e0/2d/a891ca51311197f6ad14a7ef42e2399f36cf2f9bd44752b3dc4eab60fdc5/certifi-2026.1.4.tar.gz", hash = "sha256:ac726dd470482006e014ad384921ed6438c457018f4b3d204aea4281258b2120", size = 154268, upload-time = "2026-01-04T02:42:41.825Z" }
wheels = [
    { url = "https://files.pythonhosted.org/packages/e6/ad/3cc14f097111b4de0040c83a525973216457bbeeb63739ef1ed275c1c021/certifi-2026.1.4-py3-none-any.whl", hash = "sha256:9943707519e4add1115f44c2bc244f782c0249876bf51b6599fee1ffbedd685c", size = 152900, upload-time = "2026-01-04T02:42:40.15Z" },
]

[[package]]
name = "charset-normalizer"
version = "3.4.4"
source = { registry = "https://pypi.org/simple" }
sdist = { url = "https://files.pythonhosted.org/packages/13/69/33ddede1939fdd074bce5434295f38fae7136463422fe4fd3e0e89b98062/charset_normalizer-3.4.4.tar.gz", hash = "sha256:94537985111c35f28720e43603b8e7b43a6ecfb2ce1d3058bbe955b73404e21a", size = 129418, upload-time = "2025-10-14T04:42:32.879Z" }
wheels = [
    { url = "https://files.pythonhosted.org/packages/f3/85/1637cd4af66fa687396e757dec650f28025f2a2f5a5531a3208dc0ec43f2/charset_normalizer-3.4.4-cp312-cp312-macosx_10_13_universal2.whl", hash = "sha256:0a98e6759f854bd25a58a73fa88833fba3b7c491169f86ce1180c948ab3fd394", size = 208425, upload-time = "2025-10-14T04:40:53.353Z" },
    { url = "https://files.pythonhosted.org/packages/9d/6a/04130023fef2a0d9c62d0bae2649b69f7b7d8d24ea5536feef50551029df/charset_normalizer-3.4.4-cp312-cp312-manylinux2014_aarch64.manylinux_2_17_aarch64.manylinux_2_28_aarch64.whl", hash = "sha256:b5b290ccc2a263e8d185130284f8501e3e36c5e02750fc6b6bdeb2e9e96f1e25", size = 148162, upload-time = "2025-10-14T04:40:54.558Z" },
    { url = "https://files.pythonhosted.org/packages/78/29/62328d79aa60da22c9e0b9a66539feae06ca0f5a4171ac4f7dc285b83688/charset_normalizer-3.4.4-cp312-cp312-manylinux2014_armv7l.manylinux_2_17_armv7l.manylinux_2_31_armv7l.whl", hash = "sha256:74bb723680f9f7a6234dcf67aea57e708ec1fbdf5699fb91dfd6f511b0a320ef", size = 144558, upload-time = "2025-10-14T04:40:55.677Z" },
    { url = "https://files.pythonhosted.org/packages/86/bb/b32194a4bf15b88403537c2e120b817c61cd4ecffa9b6876e941c3ee38fe/charset_normalizer-3.4.4-cp312-cp312-manylinux2014_ppc64le.manylinux_2_17_ppc64le.manylinux_2_28_ppc64le.whl", hash = "sha256:f1e34719c6ed0b92f418c7c780480b26b5d9c50349e9a9af7d76bf757530350d", size = 161497, upload-time = "2025-10-14T04:40:57.217Z" },
    { url = "https://files.pythonhosted.org/packages/19/89/a54c82b253d5b9b111dc74aca196ba5ccfcca8242d0fb64146d4d3183ff1/charset_normalizer-3.4.4-cp312-cp312-manylinux2014_s390x.manylinux_2_17_s390x.manylinux_2_28_s390x.whl", hash = "sha256:2437418e20515acec67d86e12bf70056a33abdacb5cb1655042f6538d6b085a8", size = 159240, upload-time = "2025-10-14T04:40:58.358Z" },
    { url = "https://files.pythonhosted.org/packages/c0/10/d20b513afe03acc89ec33948320a5544d31f21b05368436d580dec4e234d/charset_normalizer-3.4.4-cp312-cp312-manylinux2014_x86_64.manylinux_2_17_x86_64.manylinux_2_28_x86_64.whl", hash = "sha256:11d694519d7f29d6cd09f6ac70028dba10f92f6cdd059096db198c283794ac86", size = 153471, upload-time = "2025-10-14T04:40:59.468Z" },
    { url = "https://files.pythonhosted.org/packages/61/fa/fbf177b55bdd727010f9c0a3c49eefa1d10f960e5f09d1d887bf93c2e698/charset_normalizer-3.4.4-cp312-cp312-manylinux_2_31_riscv64.manylinux_2_39_riscv64.whl", hash = "sha256:ac1c4a689edcc530fc9d9aa11f5774b9e2f33f9a0c6a57864e90908f5208d30a", size = 150864, upload-time = "2025-10-14T04:41:00.623Z" },
    { url = "https://files.pythonhosted.org/packages/05/12/9fbc6a4d39c0198adeebbde20b619790e9236557ca59fc40e0e3cebe6f40/charset_normalizer-3.4.4-cp312-cp312-musllinux_1_2_aarch64.whl", hash = "sha256:21d142cc6c0ec30d2efee5068ca36c128a30b0f2c53c1c07bd78cb6bc1d3be5f", size = 150647, upload-time = "2025-10-14T04:41:01.754Z" },
    { url = "https://files.pythonhosted.org/packages/ad/1f/6a9a593d52e3e8c5d2b167daf8c6b968808efb57ef4c210acb907c365bc4/charset_normalizer-3.4.4-cp312-cp312-musllinux_1_2_armv7l.whl", hash = "sha256:5dbe56a36425d26d6cfb40ce79c314a2e4dd6211d51d6d2191c00bed34f354cc", size = 145110, upload-time = "2025-10-14T04:41:03.231Z" },
    { url = "https://files.pythonhosted.org/packages/30/42/9a52c609e72471b0fc54386dc63c3781a387bb4fe61c20231a4ebcd58bdd/charset_normalizer-3.4.4-cp312-cp312-musllinux_1_2_ppc64le.whl", hash = "sha256:5bfbb1b9acf3334612667b61bd3002196fe2a1eb4dd74d247e0f2a4d50ec9bbf", size = 162839, upload-time = "2025-10-14T04:41:04.715Z" },
    { url = "https://files.pythonhosted.org/packages/c4/5b/c0682bbf9f11597073052628ddd38344a3d673fda35a36773f7d19344b23/charset_normalizer-3.4.4-cp312-cp312-musllinux_1_2_riscv64.whl", hash = "sha256:d055ec1e26e441f6187acf818b73564e6e6282709e9bcb5b63f5b23068356a15", size = 150667, upload-time = "2025-10-14T04:41:05.827Z" },
    { url = "https://files.pythonhosted.org/packages/e4/24/a41afeab6f990cf2daf6cb8c67419b63b48cf518e4f56022230840c9bfb2/charset_normalizer-3.4.4-cp312-cp312-musllinux_1_2_s390x.whl", hash = "sha256:af2d8c67d8e573d6de5bc30cdb27e9b95e49115cd9baad5ddbd1a6207aaa82a9", size = 160535, upload-time = "2025-10-14T04:41:06.938Z" },
    { url = "https://files.pythonhosted.org/packages/2a/e5/6a4ce77ed243c4a50a1fecca6aaaab419628c818a49434be428fe24c9957/charset_normalizer-3.4.4-cp312-cp312-musllinux_1_2_x86_64.whl", hash = "sha256:780236ac706e66881f3b7f2f32dfe90507a09e67d1d454c762cf642e6e1586e0", size = 154816, upload-time = "2025-10-14T04:41:08.101Z" },
    { url = "https://files.pythonhosted.org/packages/a8/ef/89297262b8092b312d29cdb2517cb1237e51db8ecef2e9af5edbe7b683b1/charset_normalizer-3.4.4-cp312-cp312-win32.whl", hash = "sha256:5833d2c39d8896e4e19b689ffc198f08ea58116bee26dea51e362ecc7cd3ed26", size = 99694, upload-time = "2025-10-14T04:41:09.23Z" },
    { url = "https://files.pythonhosted.org/packages/3d/2d/1e5ed9dd3b3803994c155cd9aacb60c82c331bad84daf75bcb9c91b3295e/charset_normalizer-3.4.4-cp312-cp312-win_amd64.whl", hash = "sha256:a79cfe37875f822425b89a82333404539ae63dbdddf97f84dcbc3d339aae9525", size = 107131, upload-time = "2025-10-14T04:41:10.467Z" },
    { url = "https://files.pythonhosted.org/packages/d0/d9/0ed4c7098a861482a7b6a95603edce4c0d9db2311af23da1fb2b75ec26fc/charset_normalizer-3.4.4-cp312-cp312-win_arm64.whl", hash = "sha256:376bec83a63b8021bb5c8ea75e21c4ccb86e7e45ca4eb81146091b56599b80c3", size = 100390, upload-time = "2025-10-14T04:41:11.915Z" },
    { url = "https://files.pythonhosted.org/packages/0a/4c/925909008ed5a988ccbb72dcc897407e5d6d3bd72410d69e051fc0c14647/charset_normalizer-3.4.4-py3-none-any.whl", hash = "sha256:7a32c560861a02ff789ad905a2fe94e3f840803362c84fecf1851cb4cf3dc37f", size = 53402, upload-time = "2025-10-14T04:42:31.76Z" },
]

[[package]]
name = "click"
version = "8.3.1"
source = { registry = "https://pypi.org/simple" }
dependencies = [
    { name = "colorama", marker = "sys_platform == 'win32'" },
]
sdist = { url = "https://files.pythonhosted.org/packages/3d/fa/656b739db8587d7b5dfa22e22ed02566950fbfbcdc20311993483657a5c0/click-8.3.1.tar.gz", hash = "sha256:12ff4785d337a1bb490bb7e9c2b1ee5da3112e94a8622f26a6c77f5d2fc6842a", size = 295065, upload-time = "2025-11-15T20:45:42.706Z" }
wheels = [
    { url = "https://files.pythonhosted.org/packages/98/78/01c019cdb5d6498122777c1a43056ebb3ebfeef2076d9d026bfe15583b2b/click-8.3.1-py3-none-any.whl", hash = "sha256:981153a64e25f12d547d3426c367a4857371575ee7ad18df2a6183ab0545b2a6", size = 108274, upload-time = "2025-11-15T20:45:41.139Z" },
]

[[package]]
name = "colorama"
version = "0.4.6"
source = { registry = "https://pypi.org/simple" }
sdist = { url = "https://files.pythonhosted.org/packages/d8/53/6f443c9a4a8358a93a6792e2acffb9d9d5cb0a5cfd8802644b7b1c9a02e4/colorama-0.4.6.tar.gz", hash = "sha256:08695f5cb7ed6e0531a20572697297273c47b8cae5a63ffc6d6ed5c201be6e44", size = 27697, upload-time = "2022-10-25T02:36:22.414Z" }
wheels = [
    { url = "https://files.pythonhosted.org/packages/d1/d6/3965ed04c63042e047cb6a3e6ed1a63a35087b6a609aa3a15ed8ac56c221/colorama-0.4.6-py2.py3-none-any.whl", hash = "sha256:4f1d9991f5acc0ca119f9d443620b77f9d6b33703e51011c16baf57afb285fc6", size = 25335, upload-time = "2022-10-25T02:36:20.889Z" },
]

[[package]]
name = "donald-application"
version = "0.1.0"
source = { virtual = "." }
dependencies = [
    { name = "blinker" },
    { name = "cachetools" },
    { name = "certifi" },
    { name = "charset-normalizer" },
    { name = "click" },
    { name = "flask" },
    { name = "google-api-core" },
    { name = "google-auth" },
    { name = "google-cloud-core" },
    { name = "google-cloud-datastore" },
    { name = "googleapis-common-protos" },
    { name = "grpcio" },
    { name = "grpcio-status" },
    { name = "idna" },
    { name = "itsdangerous" },
    { name = "jinja2" },
    { name = "markupsafe" },
    { name = "proto-plus" },
    { name = "protobuf" },
    { name = "pyasn1" },
    { name = "pyasn1-modules" },
    { name = "requests" },
    { name = "rsa" },
    { name = "typing-extensions" },
    { name = "urllib3" },
    { name = "werkzeug" },
]

[package.metadata]
requires-dist = [
    { name = "blinker", specifier = "==1.9.0" },
    { name = "cachetools", specifier = "==5.5.2" },
    { name = "certifi", specifier = "==2026.1.4" },
    { name = "charset-normalizer", specifier = "==3.4.4" },
    { name = "click", specifier = "==8.3.1" },
    { name = "flask", specifier = ">=3.1.3" },
    { name = "google-api-core", specifier = "==2.24.2" },
    { name = "google-auth", specifier = "==2.38.0" },
    { name = "google-cloud-core", specifier = "==2.4.3" },
    { name = "google-cloud-datastore", specifier = "==2.20.2" },
    { name = "googleapis-common-protos", specifier = "==1.69.2" },
    { name = "grpcio", specifier = "==1.78.0" },
    { name = "grpcio-status", specifier = "==1.71.2" },
    { name = "idna", specifier = "==3.11" },
    { name = "itsdangerous", specifier = "==2.2.0" },
    { name = "jinja2", specifier = "==3.1.6" },
    { name = "markupsafe", specifier = "==3.0.3" },
    { name = "proto-plus", specifier = "==1.27.1" },
    { name = "protobuf", specifier = "==5.29.6" },
    { name = "pyasn1", specifier = "==0.6.2" },
    { name = "pyasn1-modules", specifier = "==0.4.2" },
    { name = "requests", specifier = "==2.32.5" },
    { name = "rsa", specifier = "==4.9.1" },
    { name = "typing-extensions", specifier = "==4.15.0" },
    { name = "urllib3", specifier = "==2.6.3" },
    { name = "werkzeug", specifier = "==3.1.5" },
]

[[package]]
name = "flask"
version = "3.1.3"
source = { registry = "https://pypi.org/simple" }
dependencies = [
    { name = "blinker" },
    { name = "click" },
    { name = "itsdangerous" },
    { name = "jinja2" },
    { name = "markupsafe" },
    { name = "werkzeug" },
]
sdist = { url = "https://files.pythonhosted.org/packages/26/00/35d85dcce6c57fdc871f3867d465d780f302a175ea360f62533f12b27e2b/flask-3.1.3.tar.gz", hash = "sha256:0ef0e52b8a9cd932855379197dd8f94047b359ca0a78695144304cb45f87c9eb", size = 759004, upload-time = "2026-02-19T05:00:57.678Z" }
wheels = [
    { url = "https://files.pythonhosted.org/packages/7f/9c/34f6962f9b9e9c71f6e5ed806e0d0ff03c9d1b0b2340088a0cf4bce09b18/flask-3.1.3-py3-none-any.whl", hash = "sha256:f4bcbefc124291925f1a26446da31a5178f9483862233b23c0c96a20701f670c", size = 103424, upload-time = "2026-02-19T05:00:56.027Z" },
]

[[package]]
name = "google-api-core"
version = "2.24.2"
source = { registry = "https://pypi.org/simple" }
dependencies = [
    { name = "google-auth" },
    { name = "googleapis-common-protos" },
    { name = "proto-plus" },
    { name = "protobuf" },
    { name = "requests" },
]
sdist = { url = "https://files.pythonhosted.org/packages/09/5c/085bcb872556934bb119e5e09de54daa07873f6866b8f0303c49e72287f7/google_api_core-2.24.2.tar.gz", hash = "sha256:81718493daf06d96d6bc76a91c23874dbf2fac0adbbf542831b805ee6e974696", size = 163516, upload-time = "2025-03-10T15:55:26.201Z" }
wheels = [
    { url = "https://files.pythonhosted.org/packages/46/95/f472d85adab6e538da2025dfca9e976a0d125cc0af2301f190e77b76e51c/google_api_core-2.24.2-py3-none-any.whl", hash = "sha256:810a63ac95f3c441b7c0e43d344e372887f62ce9071ba972eacf32672e072de9", size = 160061, upload-time = "2025-03-10T15:55:24.386Z" },
]

[package.optional-dependencies]
grpc = [
    { name = "grpcio" },
    { name = "grpcio-status" },
]

[[package]]
name = "google-auth"
version = "2.38.0"
source = { registry = "https://pypi.org/simple" }
dependencies = [
    { name = "cachetools" },
    { name = "pyasn1-modules" },
    { name = "rsa" },
]
sdist = { url = "https://files.pythonhosted.org/packages/c6/eb/d504ba1daf190af6b204a9d4714d457462b486043744901a6eeea711f913/google_auth-2.38.0.tar.gz", hash = "sha256:8285113607d3b80a3f1543b75962447ba8a09fe85783432a784fdeef6ac094c4", size = 270866, upload-time = "2025-01-23T01:05:29.119Z" }
wheels = [
    { url = "https://files.pythonhosted.org/packages/9d/47/603554949a37bca5b7f894d51896a9c534b9eab808e2520a748e081669d0/google_auth-2.38.0-py2.py3-none-any.whl", hash = "sha256:e7dae6694313f434a2727bf2906f27ad259bae090d7aa896590d86feec3d9d4a", size = 210770, upload-time = "2025-01-23T01:05:26.572Z" },
]

[[package]]
name = "google-cloud-core"
version = "2.4.3"
source = { registry = "https://pypi.org/simple" }
dependencies = [
    { name = "google-api-core" },
    { name = "google-auth" },
]
sdist = { url = "https://files.pythonhosted.org/packages/d6/b8/2b53838d2acd6ec6168fd284a990c76695e84c65deee79c9f3a4276f6b4f/google_cloud_core-2.4.3.tar.gz", hash = "sha256:1fab62d7102844b278fe6dead3af32408b1df3eb06f5c7e8634cbd40edc4da53", size = 35861, upload-time = "2025-03-10T21:05:38.948Z" }
wheels = [
    { url = "https://files.pythonhosted.org/packages/40/86/bda7241a8da2d28a754aad2ba0f6776e35b67e37c36ae0c45d49370f1014/google_cloud_core-2.4.3-py2.py3-none-any.whl", hash = "sha256:5130f9f4c14b4fafdff75c79448f9495cfade0d8775facf1b09c3bf67e027f6e", size = 29348, upload-time = "2025-03-10T21:05:37.785Z" },
]

[[package]]
name = "google-cloud-datastore"
version = "2.20.2"
source = { registry = "https://pypi.org/simple" }
dependencies = [
    { name = "google-api-core", extra = ["grpc"] },
    { name = "google-auth" },
    { name = "google-cloud-core" },
    { name = "proto-plus" },
    { name = "protobuf" },
]
sdist = { url = "https://files.pythonhosted.org/packages/1e/e0/09b42cd2e658ced8477dc0a7f696eb691cf08f04344c7e8a88d018addeb7/google_cloud_datastore-2.20.2.tar.gz", hash = "sha256:9665d009729d9551329d9476f4d5bda9c11d3469243ea8a2c0d9490b65aa899f", size = 246519, upload-time = "2024-12-12T18:54:31.666Z" }
wheels = [
    { url = "https://files.pythonhosted.org/packages/c6/0f/7af12d058dc907663a0d97fc268f02ebcecb31ca963e0d6ef439d65e09c4/google_cloud_datastore-2.20.2-py2.py3-none-any.whl", hash = "sha256:d2190180343b807d4aa3b0b3bb837606349b71e5e74e29aa9009c0ae38c0b6a0", size = 197362, upload-time = "2024-12-12T18:54:28.868Z" },
]

[[package]]
name = "googleapis-common-protos"
version = "1.69.2"
source = { registry = "https://pypi.org/simple" }
dependencies = [
    { name = "protobuf" },
]
sdist = { url = "https://files.pythonhosted.org/packages/1b/d7/ee9d56af4e6dbe958562b5020f46263c8a4628e7952070241fc0e9b182ae/googleapis_common_protos-1.69.2.tar.gz", hash = "sha256:3e1b904a27a33c821b4b749fd31d334c0c9c30e6113023d495e48979a3dc9c5f", size = 144496, upload-time = "2025-03-17T11:40:16.583Z" }
wheels = [
    { url = "https://files.pythonhosted.org/packages/f9/53/d35476d547a286506f0a6a634ccf1e5d288fffd53d48f0bd5fef61d68684/googleapis_common_protos-1.69.2-py3-none-any.whl", hash = "sha256:0b30452ff9c7a27d80bfc5718954063e8ab53dd3697093d3bc99581f5fd24212", size = 293215, upload-time = "2025-03-17T11:40:15.234Z" },
]

[[package]]
name = "grpcio"
version = "1.78.0"
source = { registry = "https://pypi.org/simple" }
dependencies = [
    { name = "typing-extensions" },
]
sdist = { url = "https://files.pythonhosted.org/packages/06/8a/3d098f35c143a89520e568e6539cc098fcd294495910e359889ce8741c84/grpcio-1.78.0.tar.gz", hash = "sha256:7382b95189546f375c174f53a5fa873cef91c4b8005faa05cc5b3beea9c4f1c5", size = 12852416, upload-time = "2026-02-06T09:57:18.093Z" }
wheels = [
    { url = "https://files.pythonhosted.org/packages/4e/f4/7384ed0178203d6074446b3c4f46c90a22ddf7ae0b3aee521627f54cfc2a/grpcio-1.78.0-cp312-cp312-linux_armv7l.whl", hash = "sha256:f9ab915a267fc47c7e88c387a3a28325b58c898e23d4995f765728f4e3dedb97", size = 5913985, upload-time = "2026-02-06T09:55:26.832Z" },
    { url = "https://files.pythonhosted.org/packages/81/ed/be1caa25f06594463f685b3790b320f18aea49b33166f4141bfdc2bfb236/grpcio-1.78.0-cp312-cp312-macosx_11_0_universal2.whl", hash = "sha256:3f8904a8165ab21e07e58bf3e30a73f4dffc7a1e0dbc32d51c61b5360d26f43e", size = 11811853, upload-time = "2026-02-06T09:55:29.224Z" },
    { url = "https://files.pythonhosted.org/packages/24/a7/f06d151afc4e64b7e3cc3e872d331d011c279aaab02831e40a81c691fb65/grpcio-1.78.0-cp312-cp312-manylinux2014_aarch64.manylinux_2_17_aarch64.whl", hash = "sha256:859b13906ce098c0b493af92142ad051bf64c7870fa58a123911c88606714996", size = 6475766, upload-time = "2026-02-06T09:55:31.825Z" },
    { url = "https://files.pythonhosted.org/packages/8a/a8/4482922da832ec0082d0f2cc3a10976d84a7424707f25780b82814aafc0a/grpcio-1.78.0-cp312-cp312-manylinux2014_i686.manylinux_2_17_i686.whl", hash = "sha256:b2342d87af32790f934a79c3112641e7b27d63c261b8b4395350dad43eff1dc7", size = 7170027, upload-time = "2026-02-06T09:55:34.7Z" },
    { url = "https://files.pythonhosted.org/packages/54/bf/f4a3b9693e35d25b24b0b39fa46d7d8a3c439e0a3036c3451764678fec20/grpcio-1.78.0-cp312-cp312-manylinux2014_x86_64.manylinux_2_17_x86_64.whl", hash = "sha256:12a771591ae40bc65ba67048fa52ef4f0e6db8279e595fd349f9dfddeef571f9", size = 6690766, upload-time = "2026-02-06T09:55:36.902Z" },
    { url = "https://files.pythonhosted.org/packages/c7/b9/521875265cc99fe5ad4c5a17010018085cae2810a928bf15ebe7d8bcd9cc/grpcio-1.78.0-cp312-cp312-musllinux_1_2_aarch64.whl", hash = "sha256:185dea0d5260cbb2d224c507bf2a5444d5abbb1fa3594c1ed7e4c709d5eb8383", size = 7266161, upload-time = "2026-02-06T09:55:39.824Z" },
    { url = "https://files.pythonhosted.org/packages/05/86/296a82844fd40a4ad4a95f100b55044b4f817dece732bf686aea1a284147/grpcio-1.78.0-cp312-cp312-musllinux_1_2_i686.whl", hash = "sha256:51b13f9aed9d59ee389ad666b8c2214cc87b5de258fa712f9ab05f922e3896c6", size = 8253303, upload-time = "2026-02-06T09:55:42.353Z" },
    { url = "https://files.pythonhosted.org/packages/f3/e4/ea3c0caf5468537f27ad5aab92b681ed7cc0ef5f8c9196d3fd42c8c2286b/grpcio-1.78.0-cp312-cp312-musllinux_1_2_x86_64.whl", hash = "sha256:fd5f135b1bd58ab088930b3c613455796dfa0393626a6972663ccdda5b4ac6ce", size = 7698222, upload-time = "2026-02-06T09:55:44.629Z" },
    { url = "https://files.pythonhosted.org/packages/d7/47/7f05f81e4bb6b831e93271fb12fd52ba7b319b5402cbc101d588f435df00/grpcio-1.78.0-cp312-cp312-win32.whl", hash = "sha256:94309f498bcc07e5a7d16089ab984d42ad96af1d94b5a4eb966a266d9fcabf68", size = 4066123, upload-time = "2026-02-06T09:55:47.644Z" },
    { url = "https://files.pythonhosted.org/packages/ad/e7/d6914822c88aa2974dbbd10903d801a28a19ce9cd8bad7e694cbbcf61528/grpcio-1.78.0-cp312-cp312-win_amd64.whl", hash = "sha256:9566fe4ababbb2610c39190791e5b829869351d14369603702e890ef3ad2d06e", size = 4797657, upload-time = "2026-02-06T09:55:49.86Z" },
]

[[package]]
name = "grpcio-status"
version = "1.71.2"
source = { registry = "https://pypi.org/simple" }
dependencies = [
    { name = "googleapis-common-protos" },
    { name = "grpcio" },
    { name = "protobuf" },
]
sdist = { url = "https://files.pythonhosted.org/packages/fd/d1/b6e9877fedae3add1afdeae1f89d1927d296da9cf977eca0eb08fb8a460e/grpcio_status-1.71.2.tar.gz", hash = "sha256:c7a97e176df71cdc2c179cd1847d7fc86cca5832ad12e9798d7fed6b7a1aab50", size = 13677, upload-time = "2025-06-28T04:24:05.426Z" }
wheels = [
    { url = "https://files.pythonhosted.org/packages/67/58/317b0134129b556a93a3b0afe00ee675b5657f0155509e22fcb853bafe2d/grpcio_status-1.71.2-py3-none-any.whl", hash = "sha256:803c98cb6a8b7dc6dbb785b1111aed739f241ab5e9da0bba96888aa74704cfd3", size = 14424, upload-time = "2025-06-28T04:23:42.136Z" },
]

[[package]]
name = "idna"
version = "3.11"
source = { registry = "https://pypi.org/simple" }
sdist = { url = "https://files.pythonhosted.org/packages/6f/6d/0703ccc57f3a7233505399edb88de3cbd678da106337b9fcde432b65ed60/idna-3.11.tar.gz", hash = "sha256:795dafcc9c04ed0c1fb032c2aa73654d8e8c5023a7df64a53f39190ada629902", size = 194582, upload-time = "2025-10-12T14:55:20.501Z" }
wheels = [
    { url = "https://files.pythonhosted.org/packages/0e/61/66938bbb5fc52dbdf84594873d5b51fb1f7c7794e9c0f5bd885f30bc507b/idna-3.11-py3-none-any.whl", hash = "sha256:771a87f49d9defaf64091e6e6fe9c18d4833f140bd19464795bc32d966ca37ea", size = 71008, upload-time = "2025-10-12T14:55:18.883Z" },
]

[[package]]
name = "itsdangerous"
version = "2.2.0"
source = { registry = "https://pypi.org/simple" }
sdist = { url = "https://files.pythonhosted.org/packages/9c/cb/8ac0172223afbccb63986cc25049b154ecfb5e85932587206f42317be31d/itsdangerous-2.2.0.tar.gz", hash = "sha256:e0050c0b7da1eea53ffaf149c0cfbb5c6e2e2b69c4bef22c81fa6eb73e5f6173", size = 54410, upload-time = "2024-04-16T21:28:15.614Z" }
wheels = [
    { url = "https://files.pythonhosted.org/packages/04/96/92447566d16df59b2a776c0fb82dbc4d9e07cd95062562af01e408583fc4/itsdangerous-2.2.0-py3-none-any.whl", hash = "sha256:c6242fc49e35958c8b15141343aa660db5fc54d4f13a1db01a3f5891b98700ef", size = 16234, upload-time = "2024-04-16T21:28:14.499Z" },
]

[[package]]
name = "jinja2"
version = "3.1.6"
source = { registry = "https://pypi.org/simple" }
dependencies = [
    { name = "markupsafe" },
]
sdist = { url = "https://files.pythonhosted.org/packages/df/bf/f7da0350254c0ed7c72f3e33cef02e048281fec7ecec5f032d4aac52226b/jinja2-3.1.6.tar.gz", hash = "sha256:0137fb05990d35f1275a587e9aee6d56da821fc83491a0fb838183be43f66d6d", size = 245115, upload-time = "2025-03-05T20:05:02.478Z" }
wheels = [
    { url = "https://files.pythonhosted.org/packages/62/a1/3d680cbfd5f4b8f15abc1d571870c5fc3e594bb582bc3b64ea099db13e56/jinja2-3.1.6-py3-none-any.whl", hash = "sha256:85ece4451f492d0c13c5dd7c13a64681a86afae63a5f347908daf103ce6d2f67", size = 134899, upload-time = "2025-03-05T20:05:00.369Z" },
]

[[package]]
name = "markupsafe"
version = "3.0.3"
source = { registry = "https://pypi.org/simple" }
sdist = { url = "https://files.pythonhosted.org/packages/7e/99/7690b6d4034fffd95959cbe0c02de8deb3098cc577c67bb6a24fe5d7caa7/markupsafe-3.0.3.tar.gz", hash = "sha256:722695808f4b6457b320fdc131280796bdceb04ab50fe1795cd540799ebe1698", size = 80313, upload-time = "2025-09-27T18:37:40.426Z" }
wheels = [
    { url = "https://files.pythonhosted.org/packages/5a/72/147da192e38635ada20e0a2e1a51cf8823d2119ce8883f7053879c2199b5/markupsafe-3.0.3-cp312-cp312-macosx_10_13_x86_64.whl", hash = "sha256:d53197da72cc091b024dd97249dfc7794d6a56530370992a5e1a08983ad9230e", size = 11615, upload-time = "2025-09-27T18:36:30.854Z" },
    { url = "https://files.pythonhosted.org/packages/9a/81/7e4e08678a1f98521201c3079f77db69fb552acd56067661f8c2f534a718/markupsafe-3.0.3-cp312-cp312-macosx_11_0_arm64.whl", hash = "sha256:1872df69a4de6aead3491198eaf13810b565bdbeec3ae2dc8780f14458ec73ce", size = 12020, upload-time = "2025-09-27T18:36:31.971Z" },
    { url = "https://files.pythonhosted.org/packages/1e/2c/799f4742efc39633a1b54a92eec4082e4f815314869865d876824c257c1e/markupsafe-3.0.3-cp312-cp312-manylinux2014_aarch64.manylinux_2_17_aarch64.manylinux_2_28_aarch64.whl", hash = "sha256:3a7e8ae81ae39e62a41ec302f972ba6ae23a5c5396c8e60113e9066ef893da0d", size = 24332, upload-time = "2025-09-27T18:36:32.813Z" },
    { url = "https://files.pythonhosted.org/packages/3c/2e/8d0c2ab90a8c1d9a24f0399058ab8519a3279d1bd4289511d74e909f060e/markupsafe-3.0.3-cp312-cp312-manylinux2014_x86_64.manylinux_2_17_x86_64.manylinux_2_28_x86_64.whl", hash = "sha256:d6dd0be5b5b189d31db7cda48b91d7e0a9795f31430b7f271219ab30f1d3ac9d", size = 22947, upload-time = "2025-09-27T18:36:33.86Z" },
    { url = "https://files.pythonhosted.org/packages/2c/54/887f3092a85238093a0b2154bd629c89444f395618842e8b0c41783898ea/markupsafe-3.0.3-cp312-cp312-manylinux_2_31_riscv64.manylinux_2_39_riscv64.whl", hash = "sha256:94c6f0bb423f739146aec64595853541634bde58b2135f27f61c1ffd1cd4d16a", size = 21962, upload-time = "2025-09-27T18:36:35.099Z" },
    { url = "https://files.pythonhosted.org/packages/c9/2f/336b8c7b6f4a4d95e91119dc8521402461b74a485558d8f238a68312f11c/markupsafe-3.0.3-cp312-cp312-musllinux_1_2_aarch64.whl", hash = "sha256:be8813b57049a7dc738189df53d69395eba14fb99345e0a5994914a3864c8a4b", size = 23760, upload-time = "2025-09-27T18:36:36.001Z" },
    { url = "https://files.pythonhosted.org/packages/32/43/67935f2b7e4982ffb50a4d169b724d74b62a3964bc1a9a527f5ac4f1ee2b/markupsafe-3.0.3-cp312-cp312-musllinux_1_2_riscv64.whl", hash = "sha256:83891d0e9fb81a825d9a6d61e3f07550ca70a076484292a70fde82c4b807286f", size = 21529, upload-time = "2025-09-27T18:36:36.906Z" },
    { url = "https://files.pythonhosted.org/packages/89/e0/4486f11e51bbba8b0c041098859e869e304d1c261e59244baa3d295d47b7/markupsafe-3.0.3-cp312-cp312-musllinux_1_2_x86_64.whl", hash = "sha256:77f0643abe7495da77fb436f50f8dab76dbc6e5fd25d39589a0f1fe6548bfa2b", size = 23015, upload-time = "2025-09-27T18:36:37.868Z" },
    { url = "https://files.pythonhosted.org/packages/2f/e1/78ee7a023dac597a5825441ebd17170785a9dab23de95d2c7508ade94e0e/markupsafe-3.0.3-cp312-cp312-win32.whl", hash = "sha256:d88b440e37a16e651bda4c7c2b930eb586fd15ca7406cb39e211fcff3bf3017d", size = 14540, upload-time = "2025-09-27T18:36:38.761Z" },
    { url = "https://files.pythonhosted.org/packages/aa/5b/bec5aa9bbbb2c946ca2733ef9c4ca91c91b6a24580193e891b5f7dbe8e1e/markupsafe-3.0.3-cp312-cp312-win_amd64.whl", hash = "sha256:26a5784ded40c9e318cfc2bdb30fe164bdb8665ded9cd64d500a34fb42067b1c", size = 15105, upload-time = "2025-09-27T18:36:39.701Z" },
    { url = "https://files.pythonhosted.org/packages/e5/f1/216fc1bbfd74011693a4fd837e7026152e89c4bcf3e77b6692fba9923123/markupsafe-3.0.3-cp312-cp312-win_arm64.whl", hash = "sha256:35add3b638a5d900e807944a078b51922212fb3dedb01633a8defc4b01a3c85f", size = 13906, upload-time = "2025-09-27T18:36:40.689Z" },
]

[[package]]
name = "proto-plus"
version = "1.27.1"
source = { registry = "https://pypi.org/simple" }
dependencies = [
    { name = "protobuf" },
]
sdist = { url = "https://files.pythonhosted.org/packages/3a/02/8832cde80e7380c600fbf55090b6ab7b62bd6825dbedde6d6657c15a1f8e/proto_plus-1.27.1.tar.gz", hash = "sha256:912a7460446625b792f6448bade9e55cd4e41e6ac10e27009ef71a7f317fa147", size = 56929, upload-time = "2026-02-02T17:34:49.035Z" }
wheels = [
    { url = "https://files.pythonhosted.org/packages/5d/79/ac273cbbf744691821a9cca88957257f41afe271637794975ca090b9588b/proto_plus-1.27.1-py3-none-any.whl", hash = "sha256:e4643061f3a4d0de092d62aa4ad09fa4756b2cbb89d4627f3985018216f9fefc", size = 50480, upload-time = "2026-02-02T17:34:47.339Z" },
]

[[package]]
name = "protobuf"
version = "5.29.6"
source = { registry = "https://pypi.org/simple" }
sdist = { url = "https://files.pythonhosted.org/packages/7e/57/394a763c103e0edf87f0938dafcd918d53b4c011dfc5c8ae80f3b0452dbb/protobuf-5.29.6.tar.gz", hash = "sha256:da9ee6a5424b6b30fd5e45c5ea663aef540ca95f9ad99d1e887e819cdf9b8723", size = 425623, upload-time = "2026-02-04T22:54:40.584Z" }
wheels = [
    { url = "https://files.pythonhosted.org/packages/d4/88/9ee58ff7863c479d6f8346686d4636dd4c415b0cbeed7a6a7d0617639c2a/protobuf-5.29.6-cp310-abi3-win32.whl", hash = "sha256:62e8a3114992c7c647bce37dcc93647575fc52d50e48de30c6fcb28a6a291eb1", size = 423357, upload-time = "2026-02-04T22:54:25.805Z" },
    { url = "https://files.pythonhosted.org/packages/1c/66/2dc736a4d576847134fb6d80bd995c569b13cdc7b815d669050bf0ce2d2c/protobuf-5.29.6-cp310-abi3-win_amd64.whl", hash = "sha256:7e6ad413275be172f67fdee0f43484b6de5a904cc1c3ea9804cb6fe2ff366eda", size = 435175, upload-time = "2026-02-04T22:54:28.592Z" },
    { url = "https://files.pythonhosted.org/packages/06/db/49b05966fd208ae3f44dcd33837b6243b4915c57561d730a43f881f24dea/protobuf-5.29.6-cp38-abi3-macosx_10_9_universal2.whl", hash = "sha256:b5a169e664b4057183a34bdc424540e86eea47560f3c123a0d64de4e137f9269", size = 418619, upload-time = "2026-02-04T22:54:30.266Z" },
    { url = "https://files.pythonhosted.org/packages/b7/d7/48cbf6b0c3c39761e47a99cb483405f0fde2be22cf00d71ef316ce52b458/protobuf-5.29.6-cp38-abi3-manylinux2014_aarch64.whl", hash = "sha256:a8866b2cff111f0f863c1b3b9e7572dc7eaea23a7fae27f6fc613304046483e6", size = 320284, upload-time = "2026-02-04T22:54:31.782Z" },
    { url = "https://files.pythonhosted.org/packages/e3/dd/cadd6ec43069247d91f6345fa7a0d2858bef6af366dbd7ba8f05d2c77d3b/protobuf-5.29.6-cp38-abi3-manylinux2014_x86_64.whl", hash = "sha256:e3387f44798ac1106af0233c04fb8abf543772ff241169946f698b3a9a3d3ab9", size = 320478, upload-time = "2026-02-04T22:54:32.909Z" },
    { url = "https://files.pythonhosted.org/packages/5a/cb/e3065b447186cb70aa65acc70c86baf482d82bf75625bf5a2c4f6919c6a3/protobuf-5.29.6-py3-none-any.whl", hash = "sha256:6b9edb641441b2da9fa8f428760fc136a49cf97a52076010cf22a2ff73438a86", size = 173126, upload-time = "2026-02-04T22:54:39.462Z" },
]

[[package]]
name = "pyasn1"
version = "0.6.2"
source = { registry = "https://pypi.org/simple" }
sdist = { url = "https://files.pythonhosted.org/packages/fe/b6/6e630dff89739fcd427e3f72b3d905ce0acb85a45d4ec3e2678718a3487f/pyasn1-0.6.2.tar.gz", hash = "sha256:9b59a2b25ba7e4f8197db7686c09fb33e658b98339fadb826e9512629017833b", size = 146586, upload-time = "2026-01-16T18:04:18.534Z" }
wheels = [
    { url = "https://files.pythonhosted.org/packages/44/b5/a96872e5184f354da9c84ae119971a0a4c221fe9b27a4d94bd43f2596727/pyasn1-0.6.2-py3-none-any.whl", hash = "sha256:1eb26d860996a18e9b6ed05e7aae0e9fc21619fcee6af91cca9bad4fbea224bf", size = 83371, upload-time = "2026-01-16T18:04:17.174Z" },
]

[[package]]
name = "pyasn1-modules"
version = "0.4.2"
source = { registry = "https://pypi.org/simple" }
dependencies = [
    { name = "pyasn1" },
]
sdist = { url = "https://files.pythonhosted.org/packages/e9/e6/78ebbb10a8c8e4b61a59249394a4a594c1a7af95593dc933a349c8d00964/pyasn1_modules-0.4.2.tar.gz", hash = "sha256:677091de870a80aae844b1ca6134f54652fa2c8c5a52aa396440ac3106e941e6", size = 307892, upload-time = "2025-03-28T02:41:22.17Z" }
wheels = [
    { url = "https://files.pythonhosted.org/packages/47/8d/d529b5d697919ba8c11ad626e835d4039be708a35b0d22de83a269a6682c/pyasn1_modules-0.4.2-py3-none-any.whl", hash = "sha256:29253a9207ce32b64c3ac6600edc75368f98473906e8fd1043bd6b5b1de2c14a", size = 181259, upload-time = "2025-03-28T02:41:19.028Z" },
]

[[package]]
name = "requests"
version = "2.32.5"
source = { registry = "https://pypi.org/simple" }
dependencies = [
    { name = "certifi" },
    { name = "charset-normalizer" },
    { name = "idna" },
    { name = "urllib3" },
]
sdist = { url = "https://files.pythonhosted.org/packages/c9/74/b3ff8e6c8446842c3f5c837e9c3dfcfe2018ea6ecef224c710c85ef728f4/requests-2.32.5.tar.gz", hash = "sha256:dbba0bac56e100853db0ea71b82b4dfd5fe2bf6d3754a8893c3af500cec7d7cf", size = 134517, upload-time = "2025-08-18T20:46:02.573Z" }
wheels = [
    { url = "https://files.pythonhosted.org/packages/1e/db/4254e3eabe8020b458f1a747140d32277ec7a271daf1d235b70dc0b4e6e3/requests-2.32.5-py3-none-any.whl", hash = "sha256:2462f94637a34fd532264295e186976db0f5d453d1cdd31473c85a6a161affb6", size = 64738, upload-time = "2025-08-18T20:46:00.542Z" },
]

[[package]]
name = "rsa"
version = "4.9.1"
source = { registry = "https://pypi.org/simple" }
dependencies = [
    { name = "pyasn1" },
]
sdist = { url = "https://files.pythonhosted.org/packages/da/8a/22b7beea3ee0d44b1916c0c1cb0ee3af23b700b6da9f04991899d0c555d4/rsa-4.9.1.tar.gz", hash = "sha256:e7bdbfdb5497da4c07dfd35530e1a902659db6ff241e39d9953cad06ebd0ae75", size = 29034, upload-time = "2025-04-16T09:51:18.218Z" }
wheels = [
    { url = "https://files.pythonhosted.org/packages/64/8d/0133e4eb4beed9e425d9a98ed6e081a55d195481b7632472be1af08d2f6b/rsa-4.9.1-py3-none-any.whl", hash = "sha256:68635866661c6836b8d39430f97a996acbd61bfa49406748ea243539fe239762", size = 34696, upload-time = "2025-04-16T09:51:17.142Z" },
]

[[package]]
name = "typing-extensions"
version = "4.15.0"
source = { registry = "https://pypi.org/simple" }
sdist = { url = "https://files.pythonhosted.org/packages/72/94/1a15dd82efb362ac84269196e94cf00f187f7ed21c242792a923cdb1c61f/typing_extensions-4.15.0.tar.gz", hash = "sha256:0cea48d173cc12fa28ecabc3b837ea3cf6f38c6d1136f85cbaaf598984861466", size = 109391, upload-time = "2025-08-25T13:49:26.313Z" }
wheels = [
    { url = "https://files.pythonhosted.org/packages/18/67/36e9267722cc04a6b9f15c7f3441c2363321a3ea07da7ae0c0707beb2a9c/typing_extensions-4.15.0-py3-none-any.whl", hash = "sha256:f0fa19c6845758ab08074a0cfa8b7aecb71c999ca73d62883bc25cc018c4e548", size = 44614, upload-time = "2025-08-25T13:49:24.86Z" },
]

[[package]]
name = "urllib3"
version = "2.6.3"
source = { registry = "https://pypi.org/simple" }
sdist = { url = "https://files.pythonhosted.org/packages/c7/24/5f1b3bdffd70275f6661c76461e25f024d5a38a46f04aaca912426a2b1d3/urllib3-2.6.3.tar.gz", hash = "sha256:1b62b6884944a57dbe321509ab94fd4d3b307075e0c2eae991ac71ee15ad38ed", size = 435556, upload-time = "2026-01-07T16:24:43.925Z" }
wheels = [
    { url = "https://files.pythonhosted.org/packages/39/08/aaaad47bc4e9dc8c725e68f9d04865dbcb2052843ff09c97b08904852d84/urllib3-2.6.3-py3-none-any.whl", hash = "sha256:bf272323e553dfb2e87d9bfd225ca7b0f467b919d7bbd355436d3fd37cb0acd4", size = 131584, upload-time = "2026-01-07T16:24:42.685Z" },
]

[[package]]
name = "werkzeug"
version = "3.1.5"
source = { registry = "https://pypi.org/simple" }
dependencies = [
    { name = "markupsafe" },
]
sdist = { url = "https://files.pythonhosted.org/packages/5a/70/1469ef1d3542ae7c2c7b72bd5e3a4e6ee69d7978fa8a3af05a38eca5becf/werkzeug-3.1.5.tar.gz", hash = "sha256:6a548b0e88955dd07ccb25539d7d0cc97417ee9e179677d22c7041c8f078ce67", size = 864754, upload-time = "2026-01-08T17:49:23.247Z" }
wheels = [
    { url = "https://files.pythonhosted.org/packages/ad/e4/8d97cca767bcc1be76d16fb76951608305561c6e056811587f36cb1316a8/werkzeug-3.1.5-py3-none-any.whl", hash = "sha256:5111e36e91086ece91f93268bb39b4a35c1e6f1feac762c9c822ded0a4e322dc", size = 225025, upload-time = "2026-01-08T17:49:21.859Z" },
]
